
Microsoft Visual Studio Solution File, Format Version 12.00
# Visual Studio Version 17
VisualStudioVersion = 17.11.35327.3
MinimumVisualStudioVersion = 10.0.40219.1
Project("{FAE04EC0-301F-11D3-BF4B-00C04F79EFBC}") = "DiscosDBAdoNet", "DiscosDBAdoNet\DiscosDBAdoNet.csproj", "{4469CEC4-C453-4923-BD41-E44935EB75AD}"
EndProject
Project("{FAE04EC0-301F-11D3-BF4B-00C04F79EFBC}") = "Dominio", "Dominio\Dominio.csproj", "{10E9C9F6-07E8-486D-BA4B-615A66858A53}"
EndProject
Project("{FAE04EC0-301F-11D3-BF4B-00C04F79EFBC}") = "Negocio", "Negocio\Negocio.csproj", "{016D6AF5-00E7-46AD-A6DA-7E8CBA540CA9}"
EndProject
Global
	GlobalSection(SolutionConfigurationPlatforms) = preSolution
		Debug|Any CPU = Debug|Any CPU
		Release|Any CPU = Release|Any CPU
	EndGlobalSection
	GlobalSection(ProjectConfigurationPlatforms) = postSolution
		{4469CEC4-C453-4923-BD41-E44935EB75AD}.Debug|Any CPU.ActiveCfg = Debug|Any CPU
		{4469CEC4-C453-4923-BD41-E44935EB75AD}.Debug|Any CPU.Build.0 = Debug|Any CPU
		{4469CEC4-C453-4923-BD41-E44935EB75AD}.Release|Any CPU.ActiveCfg = Release|Any CPU
		{4469CEC4-C453-4923-BD41-E44935EB75AD}.Release|Any CPU.Build.0 = Release|Any CPU
		{10E9C9F6-07E8-486D-BA4B-615A66858A53}.Debug|Any CPU.ActiveCfg = Debug|Any CPU
		{10E9C9F6-07E8-486D-BA4B-615A66858A53}.Debug|Any CPU.Build.0 = Debug|Any CPU
		{10E9C9F6-07E8-486D-BA4B-615A66858A53}.Release|Any CPU.ActiveCfg = Release|Any CPU
		{10E9C9F6-07E8-486D-BA4B-615A66858A53}.Release|Any CPU.Build.0 = Release|Any CPU
		{016D6AF5-00E7-46AD-A6DA-7E8CBA540CA9}.Debug|Any CPU.ActiveCfg = Debug|Any CPU
		{016D6AF5-00E7-46AD-A6DA-7E8CBA540CA9}.Debug|Any CPU.Build.0 = Debug|Any CPU
		{016D6AF5-00E7-46AD-A6DA-7E8CBA540CA9}.Release|Any CPU.ActiveCfg = Release|Any CPU
		{016D6AF5-00E7-46AD-A6DA-7E8CBA540CA9}.Release|Any CPU.Build.0 = Release|Any CPU
	EndGlobalSection
	GlobalSection(SolutionProperties) = preSolution
		HideSolutionNode = FALSE
	EndGlobalSection
	GlobalSection(ExtensibilityGlobals) = postSolution
		SolutionGuid = {61B206BC-D3E6-4926-8EB4-EDEC4AE75515}
	EndGlobalSection
EndGlobal
